<?xml version="1.0" encoding="utf-8"?>
<Project ToolsVersion="4.0" xmlns="http://schemas.microsoft.com/developer/msbuild/2003">
  <ItemGroup>
    <Filter Include="Source Files">
      <UniqueIdentifier>{4FC737F1-C7A5-4376-A066-2A32D752A2FF}</UniqueIdentifier>
      <Extensions>cpp;c;cc;cxx;c++;cppm;ixx;def;odl;idl;hpj;bat;asm;asmx</Extensions>
    </Filter>
    <Filter Include="Header Files">
      <UniqueIdentifier>{93995380-89BD-4b04-88EB-625FBE52EBFB}</UniqueIdentifier>
      <Extensions>h;hh;hpp;hxx;h++;hm;inl;inc;ipp;xsd</Extensions>
    </Filter>
    <Filter Include="Resource Files">
      <UniqueIdentifier>{67DA6AB6-F800-4c08-8B7A-83BB121AAD01}</UniqueIdentifier>
      <Extensions>rc;ico;cur;bmp;dlg;rc2;rct;bin;rgs;gif;jpg;jpeg;jpe;resx;tiff;tif;png;wav;mfcribbon-ms</Extensions>
    </Filter>
  </ItemGroup>
  <ItemGroup>
    <ClInclude Include="..\DataStructures\Store.h">
      <Filter>Header Files</Filter>
    </ClInclude>
    <ClInclude Include="..\DataStructures\Aisle.h">
      <Filter>Header Files</Filter>
    </ClInclude>
    <ClInclude Include="..\DataStructures\BinarySearchNode.h">
      <Filter>Header Files</Filter>
    </ClInclude>
    <ClInclude Include="..\DataStructures\BinarySearchTree.h">
      <Filter>Header Files</Filter>
    </ClInclude>
    <ClInclude Include="..\DataStructures\Client.h">
      <Filter>Header Files</Filter>
    </ClInclude>
    <ClInclude Include="..\DataStructures\FileLoader.h">
      <Filter>Header Files</Filter>
    </ClInclude>
    <ClInclude Include="..\DataStructures\GroceryManager.h">
      <Filter>Header Files</Filter>
    </ClInclude>
    <ClInclude Include="..\DataStructures\HotItem.h">
      <Filter>Header Files</Filter>
    </ClInclude>
    <ClInclude Include="..\DataStructures\Inventory.h">
      <Filter>Header Files</Filter>
    </ClInclude>
    <ClInclude Include="..\DataStructures\Item.h">
      <Filter>Header Files</Filter>
    </ClInclude>
    <ClInclude Include="..\DataStructures\List.h">
      <Filter>Header Files</Filter>
    </ClInclude>
    <ClInclude Include="..\DataStructures\Menu.h">
      <Filter>Header Files</Filter>
    </ClInclude>
    <ClInclude Include="..\DataStructures\Node.h">
      <Filter>Header Files</Filter>
    </ClInclude>
    <ClInclude Include="..\DataStructures\Object.h">
      <Filter>Header Files</Filter>
    </ClInclude>
    <ClInclude Include="..\DataStructures\Product.h">
      <Filter>Header Files</Filter>
    </ClInclude>
    <ClInclude Include="..\DataStructures\ProductAisle.h">
      <Filter>Header Files</Filter>
    </ClInclude>
    <ClInclude Include="..\DataStructures\Queue.h">
      <Filter>Header Files</Filter>
    </ClInclude>
    <ClInclude Include="..\DataStructures\SoldItem.h">
      <Filter>Header Files</Filter>
    </ClInclude>
    <ClInclude Include="MainMenuGrocery.h">
      <Filter>Header Files</Filter>
    </ClInclude>
    <ClInclude Include="AdminDashboard.h">
      <Filter>Header Files</Filter>
    </ClInclude>
    <ClInclude Include="..\DataStructures\BAdmin.h">
      <Filter>Header Files</Filter>
    </ClInclude>
    <ClInclude Include="SellerDashboard.h">
      <Filter>Header Files</Filter>
    </ClInclude>
    <ClInclude Include="..\DataStructures\BVendedor.h">
      <Filter>Header Files</Filter>
    </ClInclude>
    <ClInclude Include="..\DataStructures\GrafCiudades.h">
      <Filter>Header Files</Filter>
    </ClInclude>
    <ClInclude Include="..\DataStructures\AAInventario.h">
      <Filter>Header Files</Filter>
    </ClInclude>
    <ClInclude Include="..\DataStructures\BClientes.h">
      <Filter>Header Files</Filter>
    </ClInclude>
    <ClInclude Include="ClientDashboard.h">
      <Filter>Header Files</Filter>
    </ClInclude>
    <ClInclude Include="BuyDashboard.h">
      <Filter>Header Files</Filter>
    </ClInclude>
    <ClInclude Include="ReporDashboard.h">
      <Filter>Header Files</Filter>
    </ClInclude>
  </ItemGroup>
  <ItemGroup>
    <ClCompile Include="..\DataStructures\BinarySearchNode.cpp">
      <Filter>Source Files</Filter>
    </ClCompile>
    <ClCompile Include="..\DataStructures\BinarySearchTree.cpp">
      <Filter>Source Files</Filter>
    </ClCompile>
    <ClCompile Include="..\DataStructures\FileLoader.cpp">
      <Filter>Source Files</Filter>
    </ClCompile>
    <ClCompile Include="..\DataStructures\GroceryManager.cpp">
      <Filter>Source Files</Filter>
    </ClCompile>
    <ClCompile Include="..\DataStructures\List.cpp">
      <Filter>Source Files</Filter>
    </ClCompile>
    <ClCompile Include="..\DataStructures\Queue.cpp">
      <Filter>Source Files</Filter>
    </ClCompile>
    <ClCompile Include="Program.cpp">
      <Filter>Source Files</Filter>
    </ClCompile>
    <ClCompile Include="AdminDashboard.cpp">
      <Filter>Source Files</Filter>
    </ClCompile>
    <ClCompile Include="..\DataStructures\BAdmin.cpp">
      <Filter>Source Files</Filter>
    </ClCompile>
    <ClCompile Include="SellerDashboard.cpp">
      <Filter>Source Files</Filter>
    </ClCompile>
    <ClCompile Include="..\DataStructures\BVendedor.cpp">
      <Filter>Source Files</Filter>
    </ClCompile>
    <ClCompile Include="..\DataStructures\GrafCiudades.cpp">
      <Filter>Source Files</Filter>
    </ClCompile>
    <ClCompile Include="..\DataStructures\AAInventario.cpp">
      <Filter>Source Files</Filter>
    </ClCompile>
    <ClCompile Include="..\DataStructures\BClientes.cpp">
      <Filter>Source Files</Filter>
    </ClCompile>
    <ClCompile Include="ClientDashboard.cpp">
      <Filter>Source Files</Filter>
    </ClCompile>
    <ClCompile Include="BuyDashboard.cpp">
      <Filter>Source Files</Filter>
    </ClCompile>
    <ClCompile Include="ReporDashboard.cpp">
      <Filter>Source Files</Filter>
    </ClCompile>
  </ItemGroup>
</Project>